
Microsoft Visual Studio Solution File, Format Version 12.00
# Visual Studio Version 16
VisualStudioVersion = 16.0.30907.101
MinimumVisualStudioVersion = 10.0.40219.1
Project("{FAE04EC0-301F-11D3-BF4B-00C04F79EFBC}") = "RiotInfo.com", "RiotInfo.com.csproj", "{666DC117-0C43-48F2-BE3F-0F10C6764542}"
EndProject
Global
	GlobalSection(SolutionConfigurationPlatforms) = preSolution
		Debug|Any CPU = Debug|Any CPU
		Release|Any CPU = Release|Any CPU
	EndGlobalSection
	GlobalSection(ProjectConfigurationPlatforms) = postSolution
		{666DC117-0C43-48F2-BE3F-0F10C6764542}.Debug|Any CPU.ActiveCfg = Debug|Any CPU
		{666DC117-0C43-48F2-BE3F-0F10C6764542}.Debug|Any CPU.Build.0 = Debug|Any CPU
		{666DC117-0C43-48F2-BE3F-0F10C6764542}.Release|Any CPU.ActiveCfg = Release|Any CPU
		{666DC117-0C43-48F2-BE3F-0F10C6764542}.Release|Any CPU.Build.0 = Release|Any CPU
	EndGlobalSection
	GlobalSection(SolutionProperties) = preSolution
		HideSolutionNode = FALSE
	EndGlobalSection
	GlobalSection(ExtensibilityGlobals) = postSolution
		SolutionGuid = {A0E2A076-C94F-4F30-B40F-0B97F0F40D30}
	EndGlobalSection
EndGlobal
